// !$*UTF8*$!
{
	archiveVersion = 1;
	classes = {
	};
	objectVersion = 50;
	objects = {

/* Begin PBXBuildFile section */
		4180311723EDD2EA0099A62B /* AppDelegate.swift in Sources */ = {isa = PBXBuildFile; fileRef = 4180311623EDD2EA0099A62B /* AppDelegate.swift */; };
		4180311923EDD2EA0099A62B /* SceneDelegate.swift in Sources */ = {isa = PBXBuildFile; fileRef = 4180311823EDD2EA0099A62B /* SceneDelegate.swift */; };
		4180311B23EDD2EA0099A62B /* ContentView.swift in Sources */ = {isa = PBXBuildFile; fileRef = 4180311A23EDD2EA0099A62B /* ContentView.swift */; };
		4180311D23EDD2EB0099A62B /* Assets.xcassets in Resources */ = {isa = PBXBuildFile; fileRef = 4180311C23EDD2EB0099A62B /* Assets.xcassets */; };
		4180312023EDD2EB0099A62B /* Preview Assets.xcassets in Resources */ = {isa = PBXBuildFile; fileRef = 4180311F23EDD2EB0099A62B /* Preview Assets.xcassets */; };
		4180312323EDD2EB0099A62B /* LaunchScreen.storyboard in Resources */ = {isa = PBXBuildFile; fileRef = 4180312123EDD2EB0099A62B /* LaunchScreen.storyboard */; };
		4180312C23EDD6E60099A62B /* Controller.swift in Sources */ = {isa = PBXBuildFile; fileRef = 4180312B23EDD6E60099A62B /* Controller.swift */; };
		4180312F23EDDD3A0099A62B /* Language.swift in Sources */ = {isa = PBXBuildFile; fileRef = 4180312E23EDDD3A0099A62B /* Language.swift */; };
		4180313223EED3FF0099A62B /* RowItemView.swift in Sources */ = {isa = PBXBuildFile; fileRef = 4180313123EED3FF0099A62B /* RowItemView.swift */; };
		4180313423EED5910099A62B /* LanguageDetailView.swift in Sources */ = {isa = PBXBuildFile; fileRef = 4180313323EED5910099A62B /* LanguageDetailView.swift */; };
/* End PBXBuildFile section */

/* Begin PBXFileReference section */
		4180311323EDD2EA0099A62B /* iDwnld.app */ = {isa = PBXFileReference; explicitFileType = wrapper.application; includeInIndex = 0; path = iDwnld.app; sourceTree = BUILT_PRODUCTS_DIR; };
		4180311623EDD2EA0099A62B /* AppDelegate.swift */ = {isa = PBXFileReference; lastKnownFileType = sourcecode.swift; path = AppDelegate.swift; sourceTree = "<group>"; };
		4180311823EDD2EA0099A62B /* SceneDelegate.swift */ = {isa = PBXFileReference; lastKnownFileType = sourcecode.swift; path = SceneDelegate.swift; sourceTree = "<group>"; };
		4180311A23EDD2EA0099A62B /* ContentView.swift */ = {isa = PBXFileReference; lastKnownFileType = sourcecode.swift; path = ContentView.swift; sourceTree = "<group>"; };
		4180311C23EDD2EB0099A62B /* Assets.xcassets */ = {isa = PBXFileReference; lastKnownFileType = folder.assetcatalog; path = Assets.xcassets; sourceTree = "<group>"; };
		4180311F23EDD2EB0099A62B /* Preview Assets.xcassets */ = {isa = PBXFileReference; lastKnownFileType = folder.assetcatalog; path = "Preview Assets.xcassets"; sourceTree = "<group>"; };
		4180312223EDD2EB0099A62B /* Base */ = {isa = PBXFileReference; lastKnownFileType = file.storyboard; name = Base; path = Base.lproj/LaunchScreen.storyboard; sourceTree = "<group>"; };
		4180312423EDD2EB0099A62B /* Info.plist */ = {isa = PBXFileReference; lastKnownFileType = text.plist.xml; path = Info.plist; sourceTree = "<group>"; };
		4180312B23EDD6E60099A62B /* Controller.swift */ = {isa = PBXFileReference; lastKnownFileType = sourcecode.swift; path = Controller.swift; sourceTree = "<group>"; };
		4180312E23EDDD3A0099A62B /* Language.swift */ = {isa = PBXFileReference; lastKnownFileType = sourcecode.swift; path = Language.swift; sourceTree = "<group>"; };
		4180313123EED3FF0099A62B /* RowItemView.swift */ = {isa = PBXFileReference; lastKnownFileType = sourcecode.swift; path = RowItemView.swift; sourceTree = "<group>"; };
		4180313323EED5910099A62B /* LanguageDetailView.swift */ = {isa = PBXFileReference; lastKnownFileType = sourcecode.swift; path = LanguageDetailView.swift; sourceTree = "<group>"; };
/* End PBXFileReference section */

/* Begin PBXFrameworksBuildPhase section */
		4180311023EDD2EA0099A62B /* Frameworks */ = {
			isa = PBXFrameworksBuildPhase;
			buildActionMask = 2147483647;
			files = (
			);
			runOnlyForDeploymentPostprocessing = 0;
		};
/* End PBXFrameworksBuildPhase section */

/* Begin PBXGroup section */
		4180310A23EDD2EA0099A62B = {
			isa = PBXGroup;
			children = (
				4180311523EDD2EA0099A62B /* iDwnld */,
				4180311423EDD2EA0099A62B /* Products */,
			);
			sourceTree = "<group>";
		};
		4180311423EDD2EA0099A62B /* Products */ = {
			isa = PBXGroup;
			children = (
				4180311323EDD2EA0099A62B /* iDwnld.app */,
			);
			name = Products;
			sourceTree = "<group>";
		};
		4180311523EDD2EA0099A62B /* iDwnld */ = {
			isa = PBXGroup;
			children = (
				4180311623EDD2EA0099A62B /* AppDelegate.swift */,
				4180311823EDD2EA0099A62B /* SceneDelegate.swift */,
				4180313023EDDD410099A62B /* MODEL */,
				4180312D23EDD6EF0099A62B /* CONTROLLER */,
				4180312A23EDD33C0099A62B /* UI */,
				4180311C23EDD2EB0099A62B /* Assets.xcassets */,
				4180312123EDD2EB0099A62B /* LaunchScreen.storyboard */,
				4180312423EDD2EB0099A62B /* Info.plist */,
				4180311E23EDD2EB0099A62B /* Preview Content */,
			);
			path = iDwnld;
			sourceTree = "<group>";
		};
		4180311E23EDD2EB0099A62B /* Preview Content */ = {
			isa = PBXGroup;
			children = (
				4180311F23EDD2EB0099A62B /* Preview Assets.xcassets */,
			);
			path = "Preview Content";
			sourceTree = "<group>";
		};
		4180312A23EDD33C0099A62B /* UI */ = {
			isa = PBXGroup;
			children = (
				4180311A23EDD2EA0099A62B /* ContentView.swift */,
				4180313123EED3FF0099A62B /* RowItemView.swift */,
				4180313323EED5910099A62B /* LanguageDetailView.swift */,
			);
			path = UI;
			sourceTree = "<group>";
		};
		4180312D23EDD6EF0099A62B /* CONTROLLER */ = {
			isa = PBXGroup;
			children = (
				4180312B23EDD6E60099A62B /* Controller.swift */,
			);
			path = CONTROLLER;
			sourceTree = "<group>";
		};
		4180313023EDDD410099A62B /* MODEL */ = {
			isa = PBXGroup;
			children = (
				4180312E23EDDD3A0099A62B /* Language.swift */,
			);
			path = MODEL;
			sourceTree = "<group>";
		};
/* End PBXGroup section */

/* Begin PBXNativeTarget section */
		4180311223EDD2EA0099A62B /* iDwnld */ = {
			isa = PBXNativeTarget;
			buildConfigurationList = 4180312723EDD2EB0099A62B /* Build configuration list for PBXNativeTarget "iDwnld" */;
			buildPhases = (
				4180310F23EDD2EA0099A62B /* Sources */,
				4180311023EDD2EA0099A62B /* Frameworks */,
				4180311123EDD2EA0099A62B /* Resources */,
			);
			buildRules = (
			);
			dependencies = (
			);
			name = iDwnld;
			productName = iDwnld;
			productReference = 4180311323EDD2EA0099A62B /* iDwnld.app */;
			productType = "com.apple.product-type.application";
		};
/* End PBXNativeTarget section */

/* Begin PBXProject section */
		4180310B23EDD2EA0099A62B /* Project object */ = {
			isa = PBXProject;
			attributes = {
				LastSwiftUpdateCheck = 1130;
				LastUpgradeCheck = 1130;
				ORGANIZATIONNAME = "Lopez de la Flor, Sergio";
				TargetAttributes = {
					4180311223EDD2EA0099A62B = {
						CreatedOnToolsVersion = 11.3.1;
					};
				};
			};
			buildConfigurationList = 4180310E23EDD2EA0099A62B /* Build configuration list for PBXProject "iDwnld" */;
			compatibilityVersion = "Xcode 9.3";
			developmentRegion = en;
			hasScannedForEncodings = 0;
			knownRegions = (
				en,
				Base,
			);
			mainGroup = 4180310A23EDD2EA0099A62B;
			productRefGroup = 4180311423EDD2EA0099A62B /* Products */;
			projectDirPath = "";
			projectRoot = "";
			targets = (
				4180311223EDD2EA0099A62B /* iDwnld */,
			);
		};
/* End PBXProject section */

/* Begin PBXResourcesBuildPhase section */
		4180311123EDD2EA0099A62B /* Resources */ = {
			isa = PBXResourcesBuildPhase;
			buildActionMask = 2147483647;
			files = (
				4180312323EDD2EB0099A62B /* LaunchScreen.storyboard in Resources */,
				4180312023EDD2EB0099A62B /* Preview Assets.xcassets in Resources */,
				4180311D23EDD2EB0099A62B /* Assets.xcassets in Resources */,
			);
			runOnlyForDeploymentPostprocessing = 0;
		};
/* End PBXResourcesBuildPhase section */

/* Begin PBXSourcesBuildPhase section */
		4180310F23EDD2EA0099A62B /* Sources */ = {
			isa = PBXSourcesBuildPhase;
			buildActionMask = 2147483647;
			files = (
				4180311723EDD2EA0099A62B /* AppDelegate.swift in Sources */,
				4180312F23EDDD3A0099A62B /* Language.swift in Sources */,
				4180313423EED5910099A62B /* LanguageDetailView.swift in Sources */,
				4180311923EDD2EA0099A62B /* SceneDelegate.swift in Sources */,
				4180311B23EDD2EA0099A62B /* ContentView.swift in Sources */,
				4180313223EED3FF0099A62B /* RowItemView.swift in Sources */,
				4180312C23EDD6E60099A62B /* Controller.swift in Sources */,
			);
			runOnlyForDeploymentPostprocessing = 0;
		};
/* End PBXSourcesBuildPhase section */

/* Begin PBXVariantGroup section */
		4180312123EDD2EB0099A62B /* LaunchScreen.storyboard */ = {
			isa = PBXVariantGroup;
			children = (
				4180312223EDD2EB0099A62B /* Base */,
			);
			name = LaunchScreen.storyboard;
			sourceTree = "<group>";
		};
/* End PBXVariantGroup section */

/* Begin XCBuildConfiguration section */
		4180312523EDD2EB0099A62B /* Debug */ = {
			isa = XCBuildConfiguration;
			buildSettings = {
				ALWAYS_SEARCH_USER_PATHS = NO;
				CLANG_ANALYZER_NONNULL = YES;
				CLANG_ANALYZER_NUMBER_OBJECT_CONVERSION = YES_AGGRESSIVE;
				CLANG_CXX_LANGUAGE_STANDARD = "gnu++14";
				CLANG_CXX_LIBRARY = "libc++";
				CLANG_ENABLE_MODULES = YES;
				CLANG_ENABLE_OBJC_ARC = YES;
				CLANG_ENABLE_OBJC_WEAK = YES;
				CLANG_WARN_BLOCK_CAPTURE_AUTORELEASING = YES;
				CLANG_WARN_BOOL_CONVERSION = YES;
				CLANG_WARN_COMMA = YES;
				CLANG_WARN_CONSTANT_CONVERSION = YES;
				CLANG_WARN_DEPRECATED_OBJC_IMPLEMENTATIONS = YES;
				CLANG_WARN_DIRECT_OBJC_ISA_USAGE = YES_ERROR;
				CLANG_WARN_DOCUMENTATION_COMMENTS = YES;
				CLANG_WARN_EMPTY_BODY = YES;
				CLANG_WARN_ENUM_CONVERSION = YES;
				CLANG_WARN_INFINITE_RECURSION = YES;
				CLANG_WARN_INT_CONVERSION = YES;
				CLANG_WARN_NON_LITERAL_NULL_CONVERSION = YES;
				CLANG_WARN_OBJC_IMPLICIT_RETAIN_SELF = YES;
				CLANG_WARN_OBJC_LITERAL_CONVERSION = YES;
				CLANG_WARN_OBJC_ROOT_CLASS = YES_ERROR;
				CLANG_WARN_RANGE_LOOP_ANALYSIS = YES;
				CLANG_WARN_STRICT_PROTOTYPES = YES;
				CLANG_WARN_SUSPICIOUS_MOVE = YES;
				CLANG_WARN_UNGUARDED_AVAILABILITY = YES_AGGRESSIVE;
				CLANG_WARN_UNREACHABLE_CODE = YES;
				CLANG_WARN__DUPLICATE_METHOD_MATCH = YES;
				COPY_PHASE_STRIP = NO;
				DEBUG_INFORMATION_FORMAT = dwarf;
				ENABLE_STRICT_OBJC_MSGSEND = YES;
				ENABLE_TESTABILITY = YES;
				GCC_C_LANGUAGE_STANDARD = gnu11;
				GCC_DYNAMIC_NO_PIC = NO;
				GCC_NO_COMMON_BLOCKS = YES;
				GCC_OPTIMIZATION_LEVEL = 0;
				GCC_PREPROCESSOR_DEFINITIONS = (
					"DEBUG=1",
					"$(inherited)",
				);
				GCC_WARN_64_TO_32_BIT_CONVERSION = YES;
				GCC_WARN_ABOUT_RETURN_TYPE = YES_ERROR;
				GCC_WARN_UNDECLARED_SELECTOR = YES;
				GCC_WARN_UNINITIALIZED_AUTOS = YES_AGGRESSIVE;
				GCC_WARN_UNUSED_FUNCTION = YES;
				GCC_WARN_UNUSED_VARIABLE = YES;
				IPHONEOS_DEPLOYMENT_TARGET = 13.2;
				MTL_ENABLE_DEBUG_INFO = INCLUDE_SOURCE;
				MTL_FAST_MATH = YES;
				ONLY_ACTIVE_ARCH = YES;
				SDKROOT = iphoneos;
				SWIFT_ACTIVE_COMPILATION_CONDITIONS = DEBUG;
				SWIFT_OPTIMIZATION_LEVEL = "-Onone";
			};
			name = Debug;
		};
		4180312623EDD2EB0099A62B /* Release */ = {
			isa = XCBuildConfiguration;
			buildSettings = {
				ALWAYS_SEARCH_USER_PATHS = NO;
				CLANG_ANALYZER_NONNULL = YES;
				CLANG_ANALYZER_NUMBER_OBJECT_CONVERSION = YES_AGGRESSIVE;
				CLANG_CXX_LANGUAGE_STANDARD = "gnu++14";
				CLANG_CXX_LIBRARY = "libc++";
				CLANG_ENABLE_MODULES = YES;
				CLANG_ENABLE_OBJC_ARC = YES;
				CLANG_ENABLE_OBJC_WEAK = YES;
				CLANG_WARN_BLOCK_CAPTURE_AUTORELEASING = YES;
				CLANG_WARN_BOOL_CONVERSION = YES;
				CLANG_WARN_COMMA = YES;
				CLANG_WARN_CONSTANT_CONVERSION = YES;
				CLANG_WARN_DEPRECATED_OBJC_IMPLEMENTATIONS = YES;
				CLANG_WARN_DIRECT_OBJC_ISA_USAGE = YES_ERROR;
				CLANG_WARN_DOCUMENTATION_COMMENTS = YES;
				CLANG_WARN_EMPTY_BODY = YES;
				CLANG_WARN_ENUM_CONVERSION = YES;
				CLANG_WARN_INFINITE_RECURSION = YES;
				CLANG_WARN_INT_CONVERSION = YES;
				CLANG_WARN_NON_LITERAL_NULL_CONVERSION = YES;
				CLANG_WARN_OBJC_IMPLICIT_RETAIN_SELF = YES;
				CLANG_WARN_OBJC_LITERAL_CONVERSION = YES;
				CLANG_WARN_OBJC_ROOT_CLASS = YES_ERROR;
				CLANG_WARN_RANGE_LOOP_ANALYSIS = YES;
				CLANG_WARN_STRICT_PROTOTYPES = YES;
				CLANG_WARN_SUSPICIOUS_MOVE = YES;
				CLANG_WARN_UNGUARDED_AVAILABILITY = YES_AGGRESSIVE;
				CLANG_WARN_UNREACHABLE_CODE = YES;
				CLANG_WARN__DUPLICATE_METHOD_MATCH = YES;
				COPY_PHASE_STRIP = NO;
				DEBUG_INFORMATION_FORMAT = "dwarf-with-dsym";
				ENABLE_NS_ASSERTIONS = NO;
				ENABLE_STRICT_OBJC_MSGSEND = YES;
				GCC_C_LANGUAGE_STANDARD = gnu11;
				GCC_NO_COMMON_BLOCKS = YES;
				GCC_WARN_64_TO_32_BIT_CONVERSION = YES;
				GCC_WARN_ABOUT_RETURN_TYPE = YES_ERROR;
				GCC_WARN_UNDECLARED_SELECTOR = YES;
				GCC_WARN_UNINITIALIZED_AUTOS = YES_AGGRESSIVE;
				GCC_WARN_UNUSED_FUNCTION = YES;
				GCC_WARN_UNUSED_VARIABLE = YES;
				IPHONEOS_DEPLOYMENT_TARGET = 13.2;
				MTL_ENABLE_DEBUG_INFO = NO;
				MTL_FAST_MATH = YES;
				SDKROOT = iphoneos;
				SWIFT_COMPILATION_MODE = wholemodule;
				SWIFT_OPTIMIZATION_LEVEL = "-O";
				VALIDATE_PRODUCT = YES;
			};
			name = Release;
		};
		4180312823EDD2EB0099A62B /* Debug */ = {
			isa = XCBuildConfiguration;
			buildSettings = {
				ASSETCATALOG_COMPILER_APPICON_NAME = AppIcon;
				CODE_SIGN_STYLE = Automatic;
				DEVELOPMENT_ASSET_PATHS = "\"iDwnld/Preview Content\"";
				ENABLE_PREVIEWS = YES;
				INFOPLIST_FILE = iDwnld/Info.plist;
				LD_RUNPATH_SEARCH_PATHS = (
					"$(inherited)",
					"@executable_path/Frameworks",
				);
				PRODUCT_BUNDLE_IDENTIFIER = com.test.iDwnld;
				PRODUCT_NAME = "$(TARGET_NAME)";
				SWIFT_VERSION = 5.0;
				TARGETED_DEVICE_FAMILY = "1,2";
			};
			name = Debug;
		};
		4180312923EDD2EB0099A62B /* Release */ = {
			isa = XCBuildConfiguration;
			buildSettings = {
				ASSETCATALOG_COMPILER_APPICON_NAME = AppIcon;
				CODE_SIGN_STYLE = Automatic;
				DEVELOPMENT_ASSET_PATHS = "\"iDwnld/Preview Content\"";
				ENABLE_PREVIEWS = YES;
				INFOPLIST_FILE = iDwnld/Info.plist;
				LD_RUNPATH_SEARCH_PATHS = (
					"$(inherited)",
					"@executable_path/Frameworks",
				);
				PRODUCT_BUNDLE_IDENTIFIER = com.test.iDwnld;
				PRODUCT_NAME = "$(TARGET_NAME)";
				SWIFT_VERSION = 5.0;
				TARGETED_DEVICE_FAMILY = "1,2";
			};
			name = Release;
		};
/* End XCBuildConfiguration section */

/* Begin XCConfigurationList section */
		4180310E23EDD2EA0099A62B /* Build configuration list for PBXProject "iDwnld" */ = {
			isa = XCConfigurationList;
			buildConfigurations = (
				4180312523EDD2EB0099A62B /* Debug */,
				4180312623EDD2EB0099A62B /* Release */,
			);
			defaultConfigurationIsVisible = 0;
			defaultConfigurationName = Release;
		};
		4180312723EDD2EB0099A62B /* Build configuration list for PBXNativeTarget "iDwnld" */ = {
			isa = XCConfigurationList;
			buildConfigurations = (
				4180312823EDD2EB0099A62B /* Debug */,
				4180312923EDD2EB0099A62B /* Release */,
			);
			defaultConfigurationIsVisible = 0;
			defaultConfigurationName = Release;
		};
/* End XCConfigurationList section */
	};
	rootObject = 4180310B23EDD2EA0099A62B /* Project object */;
}
